<?xml version="1.0" encoding="utf-8"?>
<Project ToolsVersion="4.0" xmlns="http://schemas.microsoft.com/developer/msbuild/2003">
  <ItemGroup>
    <Filter Include="include">
      <UniqueIdentifier>{93995380-89BD-4b04-88EB-625FBE52EBFB}</UniqueIdentifier>
      <Extensions>h;hh;hpp;hxx;hm;inl;inc;ipp;xsd</Extensions>
    </Filter>
    <Filter Include="source">
      <UniqueIdentifier>{b71f4336-7d41-472f-9a7a-b7b957d4f531}</UniqueIdentifier>
    </Filter>
    <Filter Include="source\Inputs">
      <UniqueIdentifier>{9555918a-808a-4734-8df6-a4965b9ca0e4}</UniqueIdentifier>
    </Filter>
    <Filter Include="include\mfUtils">
      <UniqueIdentifier>{5465191d-f768-4970-b2cf-ed525f78962e}</UniqueIdentifier>
    </Filter>
    <Filter Include="include\mfUtils\Core">
      <UniqueIdentifier>{571cd2b7-49b0-46d4-8873-3b190abd096a}</UniqueIdentifier>
    </Filter>
    <Filter Include="include\mfUtils\Inputs">
      <UniqueIdentifier>{281029b1-f78f-49d0-aa6c-4478c8e400f7}</UniqueIdentifier>
    </Filter>
    <Filter Include="include\mfUtils\Singleton">
      <UniqueIdentifier>{55fa64c5-9829-4848-a19e-7a3293318328}</UniqueIdentifier>
    </Filter>
    <Filter Include="include\mfUtils\Utils">
      <UniqueIdentifier>{133569f7-077d-4e4f-b14c-7acf557ff3e3}</UniqueIdentifier>
    </Filter>
    <Filter Include="source\Utils">
      <UniqueIdentifier>{2940e60d-7d23-4b0e-80c6-c05e47b721f6}</UniqueIdentifier>
    </Filter>
    <Filter Include="include\mfUtils\File">
      <UniqueIdentifier>{419a85f3-8f1f-498c-b639-7b6d4f7756a4}</UniqueIdentifier>
    </Filter>
    <Filter Include="source\File">
      <UniqueIdentifier>{421e8bfc-c77d-45c2-b4e1-40ce45a9d8ac}</UniqueIdentifier>
    </Filter>
  </ItemGroup>
  <ItemGroup>
    <ClCompile Include="..\source\Inputs\Input.cpp">
      <Filter>source\Inputs</Filter>
    </ClCompile>
    <ClCompile Include="..\source\Inputs\InputKey.cpp">
      <Filter>source\Inputs</Filter>
    </ClCompile>
    <ClCompile Include="..\source\Inputs\InputManager.cpp">
      <Filter>source\Inputs</Filter>
    </ClCompile>
    <ClCompile Include="..\source\pch.cpp">
      <Filter>source</Filter>
    </ClCompile>
    <ClCompile Include="..\include\mfUtils\Utils\Utils.cpp">
      <Filter>source\Utils</Filter>
    </ClCompile>
    <ClCompile Include="..\source\File\File.cpp">
      <Filter>source\File</Filter>
    </ClCompile>
  </ItemGroup>
  <ItemGroup>
    <ClInclude Include="..\include\mfUtils\Core\assert.hpp">
      <Filter>include\mfUtils\Core</Filter>
    </ClInclude>
    <ClInclude Include="..\include\mfUtils\Core\declaration.hpp">
      <Filter>include\mfUtils\Core</Filter>
    </ClInclude>
    <ClInclude Include="..\include\mfUtils\Core\memory.hpp">
      <Filter>include\mfUtils\Core</Filter>
    </ClInclude>
    <ClInclude Include="..\include\mfUtils\Core\types.h">
      <Filter>include\mfUtils\Core</Filter>
    </ClInclude>
    <ClInclude Include="..\include\mfUtils\Inputs\Input.h">
      <Filter>include\mfUtils\Inputs</Filter>
    </ClInclude>
    <ClInclude Include="..\include\mfUtils\Inputs\InputKey.h">
      <Filter>include\mfUtils\Inputs</Filter>
    </ClInclude>
    <ClInclude Include="..\include\mfUtils\Inputs\InputManager.h">
      <Filter>include\mfUtils\Inputs</Filter>
    </ClInclude>
    <ClInclude Include="..\include\mfUtils\Inputs\InputObserver.h">
      <Filter>include\mfUtils\Inputs</Filter>
    </ClInclude>
    <ClInclude Include="..\include\mfUtils\Singleton\Singleton.h">
      <Filter>include\mfUtils\Singleton</Filter>
    </ClInclude>
    <ClInclude Include="..\include\mfUtils\pch.h">
      <Filter>include\mfUtils</Filter>
    </ClInclude>
    <ClInclude Include="..\include\mfUtils\Utils\Utils.h">
      <Filter>include\mfUtils\Utils</Filter>
    </ClInclude>
    <ClInclude Include="..\include\mfUtils\File\File.h">
      <Filter>include\mfUtils\File</Filter>
    </ClInclude>
  </ItemGroup>
</Project>