
Microsoft Visual Studio Solution File, Format Version 12.00
# Visual Studio Version 16
VisualStudioVersion = 16.0.29519.87
MinimumVisualStudioVersion = 10.0.40219.1
Project("{8BC9CEB8-8B4A-11D0-8D11-00A0C91BC942}") = "SingletonExample", "SingletonExample.vcxproj", "{95F045A5-0772-4A73-9BBB-43FB9FAA8CCF}"
EndProject
Project("{8BC9CEB8-8B4A-11D0-8D11-00A0C91BC942}") = "Singleton", "..\..\source\prj\Singleton.vcxproj", "{447F6D9E-C0F5-4EAF-BDD6-41323001F67A}"
EndProject
Global
	GlobalSection(SolutionConfigurationPlatforms) = preSolution
		Debug|x64 = Debug|x64
		Debug|x86 = Debug|x86
		Release|x64 = Release|x64
		Release|x86 = Release|x86
	EndGlobalSection
	GlobalSection(ProjectConfigurationPlatforms) = postSolution
		{95F045A5-0772-4A73-9BBB-43FB9FAA8CCF}.Debug|x64.ActiveCfg = Debug|x64
		{95F045A5-0772-4A73-9BBB-43FB9FAA8CCF}.Debug|x64.Build.0 = Debug|x64
		{95F045A5-0772-4A73-9BBB-43FB9FAA8CCF}.Debug|x86.ActiveCfg = Debug|Win32
		{95F045A5-0772-4A73-9BBB-43FB9FAA8CCF}.Debug|x86.Build.0 = Debug|Win32
		{95F045A5-0772-4A73-9BBB-43FB9FAA8CCF}.Release|x64.ActiveCfg = Release|x64
		{95F045A5-0772-4A73-9BBB-43FB9FAA8CCF}.Release|x64.Build.0 = Release|x64
		{95F045A5-0772-4A73-9BBB-43FB9FAA8CCF}.Release|x86.ActiveCfg = Release|Win32
		{95F045A5-0772-4A73-9BBB-43FB9FAA8CCF}.Release|x86.Build.0 = Release|Win32
		{447F6D9E-C0F5-4EAF-BDD6-41323001F67A}.Debug|x64.ActiveCfg = Debug|x64
		{447F6D9E-C0F5-4EAF-BDD6-41323001F67A}.Debug|x64.Build.0 = Debug|x64
		{447F6D9E-C0F5-4EAF-BDD6-41323001F67A}.Debug|x86.ActiveCfg = Debug|Win32
		{447F6D9E-C0F5-4EAF-BDD6-41323001F67A}.Debug|x86.Build.0 = Debug|Win32
		{447F6D9E-C0F5-4EAF-BDD6-41323001F67A}.Release|x64.ActiveCfg = Release|x64
		{447F6D9E-C0F5-4EAF-BDD6-41323001F67A}.Release|x64.Build.0 = Release|x64
		{447F6D9E-C0F5-4EAF-BDD6-41323001F67A}.Release|x86.ActiveCfg = Release|Win32
		{447F6D9E-C0F5-4EAF-BDD6-41323001F67A}.Release|x86.Build.0 = Release|Win32
	EndGlobalSection
	GlobalSection(SolutionProperties) = preSolution
		HideSolutionNode = FALSE
	EndGlobalSection
	GlobalSection(ExtensibilityGlobals) = postSolution
		SolutionGuid = {86AB47CB-B10E-4FC5-A8A4-555F3BA9082B}
	EndGlobalSection
EndGlobal
